{
    "_meta": {
        "hash": {
            "sha256": "40c60fd7bffe2760ad5746406b2993aab8dba9f7a77b1d837e5abd6bab2f1762"
        },
        "host-environment-markers": {
            "implementation_name": "cpython",
            "implementation_version": "3.6.4",
            "os_name": "posix",
            "platform_machine": "x86_64",
            "platform_python_implementation": "CPython",
            "platform_release": "16.7.0",
            "platform_system": "Darwin",
            "platform_version": "Darwin Kernel Version 16.7.0: Tue Jan 30 11:27:06 PST 2018; root:xnu-3789.73.11~1/RELEASE_X86_64",
            "python_full_version": "3.6.4",
            "python_version": "3.6",
            "sys_platform": "darwin"
        },
        "pipfile-spec": 6,
        "requires": {},
        "sources": [
            {
                "name": "pypi",
                "url": "https://pypi.python.org/simple",
                "verify_ssl": true
            }
        ]
    },
    "default": {
        "boto3": {
            "hashes": [
                "sha256:e3a1cb81db71cee09bd50eaf9c9496272d2afcae74f17affac919b28b525808d",
                "sha256:0bbf50cb0d0da43904f4843e2406feab2fca3e636640c22216354880d6941ff3"
            ],
            "version": "==1.9.41"
        },
        "botocore": {
            "hashes": [
                "sha256:6ea45175b5915e24cc49b24a403c1b15868a50282b8ec9fc81d46bbe612541e5",
                "sha256:280d8a8d88c9416f92128d175495498144e72022c8019efaab3dd2a6f4cea78e"
            ],
            "version": "==1.12.41"
        },
        "docutils": {
            "hashes": [
                "sha256:7a4bd47eaf6596e1295ecb11361139febe29b084a87bf005bf899f9a42edc3c6",
                "sha256:02aec4bd92ab067f6ff27a38a38a41173bf01bed8f89157768c1573f53e474a6",
                "sha256:51e64ef2ebfb29cae1faa133b3710143496eca21c530f3f71424d77687764274"
            ],
            "version": "==0.14"
        },
        "jmespath": {
            "hashes": [
                "sha256:f11b4461f425740a1d908e9a3f7365c3d2e569f6ca68a2ff8bc5bcd9676edd63",
                "sha256:6a81d4c9aa62caf061cb517b4d9ad1dd300374cd4706997aff9cd6aedd61fc64"
            ],
            "version": "==0.9.3"
        },
        "python-dateutil": {
            "hashes": [
                "sha256:063df5763652e21de43de7d9e00ccf239f953a832941e37be541614732cdfc93",
                "sha256:88f9287c0174266bb0d8cedd395cfba9c58e87e5ad86b2ce58859bc11be3cf02"
            ],
            "markers": "python_version >= '2.7'",
            "version": "==2.7.5"
        },
        "s3transfer": {
            "hashes": [
                "sha256:c7a9ec356982d5e9ab2d4b46391a7d6a950e2b04c472419f5fdec70cc0ada72f",
                "sha256:90dc18e028989c609146e241ea153250be451e05ecc0c2832565231dacdf59c1"
            ],
            "version": "==0.1.13"
        },
        "six": {
            "hashes": [
                "sha256:832dc0e10feb1aa2c68dcc57dbb658f1c7e65b9b61af69048abc87a2db00a0eb",
                "sha256:70e8a77beed4562e7f14fe23a786b54f6296e34344c23bc42f07b15018ff98e9"
            ],
            "version": "==1.11.0"
        },
        "urllib3": {
            "hashes": [
                "sha256:61bf29cada3fc2fbefad4fdf059ea4bd1b4a86d2b6d15e1c7c0b582b9752fe39",
                "sha256:de9529817c93f27c8ccbfead6985011db27bd0ddfcdb2d86f3f663385c6a9c22"
            ],
            "markers": "python_version >= '3.4'",
            "version": "==1.24.1"
        }
    },
    "develop": {}
}
